
Microsoft Visual Studio Solution File, Format Version 12.00
# Visual Studio Version 17
VisualStudioVersion = 17.5.33502.453
MinimumVisualStudioVersion = 10.0.40219.1
Project("{FAE04EC0-301F-11D3-BF4B-00C04F79EFBC}") = "zadanie4", "zadanie4.csproj", "{7AAE56A6-8495-43D3-8BE4-49585CBEE028}"
EndProject
Global
	GlobalSection(SolutionConfigurationPlatforms) = preSolution
		Debug|Any CPU = Debug|Any CPU
		Release|Any CPU = Release|Any CPU
	EndGlobalSection
	GlobalSection(ProjectConfigurationPlatforms) = postSolution
		{7AAE56A6-8495-43D3-8BE4-49585CBEE028}.Debug|Any CPU.ActiveCfg = Debug|Any CPU
		{7AAE56A6-8495-43D3-8BE4-49585CBEE028}.Debug|Any CPU.Build.0 = Debug|Any CPU
		{7AAE56A6-8495-43D3-8BE4-49585CBEE028}.Release|Any CPU.ActiveCfg = Release|Any CPU
		{7AAE56A6-8495-43D3-8BE4-49585CBEE028}.Release|Any CPU.Build.0 = Release|Any CPU
	EndGlobalSection
	GlobalSection(SolutionProperties) = preSolution
		HideSolutionNode = FALSE
	EndGlobalSection
	GlobalSection(ExtensibilityGlobals) = postSolution
		SolutionGuid = {58BE1A17-0F26-4106-A74C-F920A444092F}
	EndGlobalSection
EndGlobal
